
Microsoft Visual Studio Solution File, Format Version 12.00
# Visual Studio 15
VisualStudioVersion = 15.0.27703.2042
MinimumVisualStudioVersion = 10.0.40219.1
Project("{FAE04EC0-301F-11D3-BF4B-00C04F79EFBC}") = "gellmvc", "gellmvc\gellmvc.csproj", "{EA5F4898-7D16-430D-9155-2B9E1B1ADA89}"
EndProject
Project("{FAE04EC0-301F-11D3-BF4B-00C04F79EFBC}") = "gellmvc.Domain", "gellmvc.Domain\gellmvc.Domain.csproj", "{314776CF-49D4-452A-A766-8E3DB5C36AAB}"
EndProject
Global
	GlobalSection(SolutionConfigurationPlatforms) = preSolution
		Debug|Any CPU = Debug|Any CPU
		Release|Any CPU = Release|Any CPU
	EndGlobalSection
	GlobalSection(ProjectConfigurationPlatforms) = postSolution
		{EA5F4898-7D16-430D-9155-2B9E1B1ADA89}.Debug|Any CPU.ActiveCfg = Debug|Any CPU
		{EA5F4898-7D16-430D-9155-2B9E1B1ADA89}.Debug|Any CPU.Build.0 = Debug|Any CPU
		{EA5F4898-7D16-430D-9155-2B9E1B1ADA89}.Release|Any CPU.ActiveCfg = Release|Any CPU
		{EA5F4898-7D16-430D-9155-2B9E1B1ADA89}.Release|Any CPU.Build.0 = Release|Any CPU
		{314776CF-49D4-452A-A766-8E3DB5C36AAB}.Debug|Any CPU.ActiveCfg = Debug|Any CPU
		{314776CF-49D4-452A-A766-8E3DB5C36AAB}.Debug|Any CPU.Build.0 = Debug|Any CPU
		{314776CF-49D4-452A-A766-8E3DB5C36AAB}.Release|Any CPU.ActiveCfg = Release|Any CPU
		{314776CF-49D4-452A-A766-8E3DB5C36AAB}.Release|Any CPU.Build.0 = Release|Any CPU
	EndGlobalSection
	GlobalSection(SolutionProperties) = preSolution
		HideSolutionNode = FALSE
	EndGlobalSection
	GlobalSection(ExtensibilityGlobals) = postSolution
		SolutionGuid = {C286518B-A749-4187-9668-C37FD6F2E3C9}
	EndGlobalSection
EndGlobal
